
Microsoft Visual Studio Solution File, Format Version 12.00
# Visual Studio Version 16
VisualStudioVersion = 16.0.30114.105
MinimumVisualStudioVersion = 10.0.40219.1
Project("{FAE04EC0-301F-11D3-BF4B-00C04F79EFBC}") = "Silo", "Silo\Silo.csproj", "{724A6C38-E812-4D66-A1C0-0D2F7E2EED36}"
EndProject
Project("{FAE04EC0-301F-11D3-BF4B-00C04F79EFBC}") = "Client", "Client\Client.csproj", "{7ADA61C4-6101-4611-9424-F16C31FBEF0C}"
EndProject
Project("{FAE04EC0-301F-11D3-BF4B-00C04F79EFBC}") = "GrainInterfaces", "GrainInterfaces\GrainInterfaces.csproj", "{C137C4BA-5705-4704-8EF3-9ECFE47FD55C}"
EndProject
Project("{FAE04EC0-301F-11D3-BF4B-00C04F79EFBC}") = "Grains", "Grains\Grains.csproj", "{39C6AC23-05EE-4197-A130-423D32D68C91}"
EndProject
Global
	GlobalSection(SolutionConfigurationPlatforms) = preSolution
		Debug|Any CPU = Debug|Any CPU
		Release|Any CPU = Release|Any CPU
	EndGlobalSection
	GlobalSection(ProjectConfigurationPlatforms) = postSolution
		{724A6C38-E812-4D66-A1C0-0D2F7E2EED36}.Debug|Any CPU.ActiveCfg = Debug|Any CPU
		{724A6C38-E812-4D66-A1C0-0D2F7E2EED36}.Debug|Any CPU.Build.0 = Debug|Any CPU
		{724A6C38-E812-4D66-A1C0-0D2F7E2EED36}.Release|Any CPU.ActiveCfg = Release|Any CPU
		{724A6C38-E812-4D66-A1C0-0D2F7E2EED36}.Release|Any CPU.Build.0 = Release|Any CPU
		{7ADA61C4-6101-4611-9424-F16C31FBEF0C}.Debug|Any CPU.ActiveCfg = Debug|Any CPU
		{7ADA61C4-6101-4611-9424-F16C31FBEF0C}.Debug|Any CPU.Build.0 = Debug|Any CPU
		{7ADA61C4-6101-4611-9424-F16C31FBEF0C}.Release|Any CPU.ActiveCfg = Release|Any CPU
		{7ADA61C4-6101-4611-9424-F16C31FBEF0C}.Release|Any CPU.Build.0 = Release|Any CPU
		{C137C4BA-5705-4704-8EF3-9ECFE47FD55C}.Debug|Any CPU.ActiveCfg = Debug|Any CPU
		{C137C4BA-5705-4704-8EF3-9ECFE47FD55C}.Debug|Any CPU.Build.0 = Debug|Any CPU
		{C137C4BA-5705-4704-8EF3-9ECFE47FD55C}.Release|Any CPU.ActiveCfg = Release|Any CPU
		{C137C4BA-5705-4704-8EF3-9ECFE47FD55C}.Release|Any CPU.Build.0 = Release|Any CPU
		{39C6AC23-05EE-4197-A130-423D32D68C91}.Debug|Any CPU.ActiveCfg = Debug|Any CPU
		{39C6AC23-05EE-4197-A130-423D32D68C91}.Debug|Any CPU.Build.0 = Debug|Any CPU
		{39C6AC23-05EE-4197-A130-423D32D68C91}.Release|Any CPU.ActiveCfg = Release|Any CPU
		{39C6AC23-05EE-4197-A130-423D32D68C91}.Release|Any CPU.Build.0 = Release|Any CPU
	EndGlobalSection
	GlobalSection(SolutionProperties) = preSolution
		HideSolutionNode = FALSE
	EndGlobalSection
	GlobalSection(ExtensibilityGlobals) = postSolution
		SolutionGuid = {C2C60141-7B57-434A-83DC-4CE97F6706C2}
	EndGlobalSection
EndGlobal
